{
  "object": {
    "pins": [
      {
        "package": "CCairo",
        "repositoryURL": "https://github.com/PureSwift/CCairo.git",
        "state": {
          "branch": "master",
          "revision": "9828dafe5d7d4df38cc81614416c52df1c707d7d",
          "version": null
        }
      },
      {
        "package": "CFontConfig",
        "repositoryURL": "https://github.com/PureSwift/CFontConfig.git",
        "state": {
          "branch": "master",
          "revision": "149b01e9a29e265f785dc6ab5003b4a6f1074a5f",
          "version": null
        }
      },
      {
        "package": "CFreeType",
        "repositoryURL": "https://github.com/serhii-londar/CFreeType.git",
        "state": {
          "branch": "master",
          "revision": "f5eecb67e9225f1881813831e6e9beacfb440d50",
          "version": null
        }
      }
    ]
  },
  "version": 1
}
